# This file is automatically @generated by Cargo.
# It is not intended for manual editing.
version = 3

[[package]]
name = "ase"
version = "0.1.0"
dependencies = [
 "hound",
 "ringbuffer",
]

[[package]]
name = "hound"
version = "3.5.1"
source = "registry+https://github.com/rust-lang/crates.io-index"
checksum = "62adaabb884c94955b19907d60019f4e145d091c75345379e70d1ee696f7854f"

[[package]]
name = "ringbuffer"
version = "0.15.0"
source = "registry+https://github.com/rust-lang/crates.io-index"
checksum = "3df6368f71f205ff9c33c076d170dd56ebf68e8161c733c0caa07a7a5509ed53"
